
Microsoft Visual Studio Solution File, Format Version 12.00
# Visual Studio Version 17
VisualStudioVersion = 17.13.35825.156 d17.13
MinimumVisualStudioVersion = 10.0.40219.1
Project("{FAE04EC0-301F-11D3-BF4B-00C04F79EFBC}") = "Ejercicio 1", "Ejercicio 1\Ejercicio 1.csproj", "{3A63BDD5-2D5C-409F-8F65-0196C4F5ED60}"
EndProject
Project("{FAE04EC0-301F-11D3-BF4B-00C04F79EFBC}") = "Ejercicio 2", "Ejercicio 2\Ejercicio 2.csproj", "{DE40E80D-B68F-4F64-8995-092203B0764D}"
EndProject
Project("{FAE04EC0-301F-11D3-BF4B-00C04F79EFBC}") = "Ejercicio 3", "Ejercicio 3\Ejercicio 3.csproj", "{2D800ACA-580F-4311-B4C6-B4393F09D4E7}"
EndProject
Global
	GlobalSection(SolutionConfigurationPlatforms) = preSolution
		Debug|Any CPU = Debug|Any CPU
		Release|Any CPU = Release|Any CPU
	EndGlobalSection
	GlobalSection(ProjectConfigurationPlatforms) = postSolution
		{3A63BDD5-2D5C-409F-8F65-0196C4F5ED60}.Debug|Any CPU.ActiveCfg = Debug|Any CPU
		{3A63BDD5-2D5C-409F-8F65-0196C4F5ED60}.Debug|Any CPU.Build.0 = Debug|Any CPU
		{3A63BDD5-2D5C-409F-8F65-0196C4F5ED60}.Release|Any CPU.ActiveCfg = Release|Any CPU
		{3A63BDD5-2D5C-409F-8F65-0196C4F5ED60}.Release|Any CPU.Build.0 = Release|Any CPU
		{DE40E80D-B68F-4F64-8995-092203B0764D}.Debug|Any CPU.ActiveCfg = Debug|Any CPU
		{DE40E80D-B68F-4F64-8995-092203B0764D}.Debug|Any CPU.Build.0 = Debug|Any CPU
		{DE40E80D-B68F-4F64-8995-092203B0764D}.Release|Any CPU.ActiveCfg = Release|Any CPU
		{DE40E80D-B68F-4F64-8995-092203B0764D}.Release|Any CPU.Build.0 = Release|Any CPU
		{2D800ACA-580F-4311-B4C6-B4393F09D4E7}.Debug|Any CPU.ActiveCfg = Debug|Any CPU
		{2D800ACA-580F-4311-B4C6-B4393F09D4E7}.Debug|Any CPU.Build.0 = Debug|Any CPU
		{2D800ACA-580F-4311-B4C6-B4393F09D4E7}.Release|Any CPU.ActiveCfg = Release|Any CPU
		{2D800ACA-580F-4311-B4C6-B4393F09D4E7}.Release|Any CPU.Build.0 = Release|Any CPU
	EndGlobalSection
	GlobalSection(SolutionProperties) = preSolution
		HideSolutionNode = FALSE
	EndGlobalSection
	GlobalSection(ExtensibilityGlobals) = postSolution
		SolutionGuid = {25672545-93F8-4E6A-9D1E-F3EBC14C0499}
	EndGlobalSection
EndGlobal
